
Microsoft Visual Studio Solution File, Format Version 12.00
# Visual Studio Version 16
VisualStudioVersion = 16.0.29318.209
MinimumVisualStudioVersion = 10.0.40219.1
Project("{2150E333-8FDC-42A3-9474-1A3956D46DE8}") = "0 - Apresentacao", "0 - Apresentacao", "{9A9074F0-02D3-4DCB-A3DA-1E11D09BC871}"
EndProject
Project("{2150E333-8FDC-42A3-9474-1A3956D46DE8}") = "1 - Aplicacao", "1 - Aplicacao", "{AFFC3F5C-7A2F-4777-A313-7006871FE862}"
EndProject
Project("{2150E333-8FDC-42A3-9474-1A3956D46DE8}") = "2 - Dominio", "2 - Dominio", "{308F0ED2-2957-42EC-9FF3-AA1E16B268BF}"
EndProject
Project("{2150E333-8FDC-42A3-9474-1A3956D46DE8}") = "3 - Infraestrutura", "3 - Infraestrutura", "{8D6032DC-2041-4571-9056-67FA3FAA05A1}"
EndProject
Project("{2150E333-8FDC-42A3-9474-1A3956D46DE8}") = "4 - Testes", "4 - Testes", "{44A68C81-0D45-49DD-97E2-F45278D78584}"
EndProject
Project("{2150E333-8FDC-42A3-9474-1A3956D46DE8}") = "3.1 - Repositorio", "3.1 - Repositorio", "{04A37AB9-9491-4621-994B-773B3EF57FE6}"
EndProject
Project("{FAE04EC0-301F-11D3-BF4B-00C04F79EFBC}") = "Aries.Aplicacao", "Aula-11-11-2019.Aplicacao\Aries.Aplicacao.csproj", "{DE268D44-0DDF-42A6-9455-1AA3834CB6F1}"
EndProject
Project("{FAE04EC0-301F-11D3-BF4B-00C04F79EFBC}") = "Aries.Dominio", "Aula-11-11-2019.Dominio\Aries.Dominio.csproj", "{3BC99AE5-CC4B-4F96-B725-67869278A081}"
EndProject
Project("{FAE04EC0-301F-11D3-BF4B-00C04F79EFBC}") = "Aries.DTO", "Aula-11-11-2019.DTO\Aries.DTO.csproj", "{AE71CD71-E741-484D-B0FA-9B422A9105B5}"
EndProject
Project("{FAE04EC0-301F-11D3-BF4B-00C04F79EFBC}") = "Aries.Infraestrutura.Repositorio", "Aula-11-11-2019.Infraestrutura.Repositorio\Aries.Infraestrutura.Repositorio.csproj", "{2DE80080-A4AF-477B-B4DF-7156EBF01F79}"
EndProject
Project("{2150E333-8FDC-42A3-9474-1A3956D46DE8}") = "4.1 - Dominio", "4.1 - Dominio", "{8D7EEBE8-E6FC-43B9-905C-9042F4E9BF03}"
EndProject
Project("{FAE04EC0-301F-11D3-BF4B-00C04F79EFBC}") = "Aries.Testes.Dominio", "Aula-11-11-2019.Testes.Dominio\Aries.Testes.Dominio.csproj", "{3CB77A34-93F0-4C3B-B2FE-DE21E3CB82B5}"
EndProject
Project("{FAE04EC0-301F-11D3-BF4B-00C04F79EFBC}") = "Aries.WPF", "Aries.WPF\Aries.WPF.csproj", "{F25F830A-E040-4E06-8148-729E079605C6}"
EndProject
Global
	GlobalSection(SolutionConfigurationPlatforms) = preSolution
		Debug|Any CPU = Debug|Any CPU
		Release|Any CPU = Release|Any CPU
	EndGlobalSection
	GlobalSection(ProjectConfigurationPlatforms) = postSolution
		{DE268D44-0DDF-42A6-9455-1AA3834CB6F1}.Debug|Any CPU.ActiveCfg = Debug|Any CPU
		{DE268D44-0DDF-42A6-9455-1AA3834CB6F1}.Debug|Any CPU.Build.0 = Debug|Any CPU
		{DE268D44-0DDF-42A6-9455-1AA3834CB6F1}.Release|Any CPU.ActiveCfg = Release|Any CPU
		{DE268D44-0DDF-42A6-9455-1AA3834CB6F1}.Release|Any CPU.Build.0 = Release|Any CPU
		{3BC99AE5-CC4B-4F96-B725-67869278A081}.Debug|Any CPU.ActiveCfg = Debug|Any CPU
		{3BC99AE5-CC4B-4F96-B725-67869278A081}.Debug|Any CPU.Build.0 = Debug|Any CPU
		{3BC99AE5-CC4B-4F96-B725-67869278A081}.Release|Any CPU.ActiveCfg = Release|Any CPU
		{3BC99AE5-CC4B-4F96-B725-67869278A081}.Release|Any CPU.Build.0 = Release|Any CPU
		{AE71CD71-E741-484D-B0FA-9B422A9105B5}.Debug|Any CPU.ActiveCfg = Debug|Any CPU
		{AE71CD71-E741-484D-B0FA-9B422A9105B5}.Debug|Any CPU.Build.0 = Debug|Any CPU
		{AE71CD71-E741-484D-B0FA-9B422A9105B5}.Release|Any CPU.ActiveCfg = Release|Any CPU
		{AE71CD71-E741-484D-B0FA-9B422A9105B5}.Release|Any CPU.Build.0 = Release|Any CPU
		{2DE80080-A4AF-477B-B4DF-7156EBF01F79}.Debug|Any CPU.ActiveCfg = Debug|Any CPU
		{2DE80080-A4AF-477B-B4DF-7156EBF01F79}.Debug|Any CPU.Build.0 = Debug|Any CPU
		{2DE80080-A4AF-477B-B4DF-7156EBF01F79}.Release|Any CPU.ActiveCfg = Release|Any CPU
		{2DE80080-A4AF-477B-B4DF-7156EBF01F79}.Release|Any CPU.Build.0 = Release|Any CPU
		{3CB77A34-93F0-4C3B-B2FE-DE21E3CB82B5}.Debug|Any CPU.ActiveCfg = Debug|Any CPU
		{3CB77A34-93F0-4C3B-B2FE-DE21E3CB82B5}.Debug|Any CPU.Build.0 = Debug|Any CPU
		{3CB77A34-93F0-4C3B-B2FE-DE21E3CB82B5}.Release|Any CPU.ActiveCfg = Release|Any CPU
		{3CB77A34-93F0-4C3B-B2FE-DE21E3CB82B5}.Release|Any CPU.Build.0 = Release|Any CPU
		{F25F830A-E040-4E06-8148-729E079605C6}.Debug|Any CPU.ActiveCfg = Debug|Any CPU
		{F25F830A-E040-4E06-8148-729E079605C6}.Debug|Any CPU.Build.0 = Debug|Any CPU
		{F25F830A-E040-4E06-8148-729E079605C6}.Release|Any CPU.ActiveCfg = Release|Any CPU
		{F25F830A-E040-4E06-8148-729E079605C6}.Release|Any CPU.Build.0 = Release|Any CPU
	EndGlobalSection
	GlobalSection(SolutionProperties) = preSolution
		HideSolutionNode = FALSE
	EndGlobalSection
	GlobalSection(NestedProjects) = preSolution
		{04A37AB9-9491-4621-994B-773B3EF57FE6} = {8D6032DC-2041-4571-9056-67FA3FAA05A1}
		{DE268D44-0DDF-42A6-9455-1AA3834CB6F1} = {AFFC3F5C-7A2F-4777-A313-7006871FE862}
		{3BC99AE5-CC4B-4F96-B725-67869278A081} = {308F0ED2-2957-42EC-9FF3-AA1E16B268BF}
		{AE71CD71-E741-484D-B0FA-9B422A9105B5} = {308F0ED2-2957-42EC-9FF3-AA1E16B268BF}
		{2DE80080-A4AF-477B-B4DF-7156EBF01F79} = {04A37AB9-9491-4621-994B-773B3EF57FE6}
		{8D7EEBE8-E6FC-43B9-905C-9042F4E9BF03} = {44A68C81-0D45-49DD-97E2-F45278D78584}
		{3CB77A34-93F0-4C3B-B2FE-DE21E3CB82B5} = {8D7EEBE8-E6FC-43B9-905C-9042F4E9BF03}
		{F25F830A-E040-4E06-8148-729E079605C6} = {9A9074F0-02D3-4DCB-A3DA-1E11D09BC871}
	EndGlobalSection
	GlobalSection(ExtensibilityGlobals) = postSolution
		SolutionGuid = {C701B908-AD44-4A8B-BE36-7D4E8DA555BA}
	EndGlobalSection
EndGlobal
